
Microsoft Visual Studio Solution File, Format Version 12.00
# Visual Studio Version 17
VisualStudioVersion = 17.3.32929.385
MinimumVisualStudioVersion = 10.0.40219.1
Project("{2150E333-8FDC-42A3-9474-1A3956D46DE8}") = "BookingService", "BookingService", "{DF4E1296-2EFA-44F0-BC32-1B1AAB08F2AE}"
EndProject
Project("{2150E333-8FDC-42A3-9474-1A3956D46DE8}") = "PaymentService", "PaymentService", "{394AF65C-58DA-4B83-9D3A-D55DE1EC6E1E}"
EndProject
Project("{2150E333-8FDC-42A3-9474-1A3956D46DE8}") = "Core", "Core", "{E8D13A9F-F87D-4206-A563-36434FF2FA7E}"
EndProject
Project("{2150E333-8FDC-42A3-9474-1A3956D46DE8}") = "Application", "Application", "{A54589EC-426B-4E25-9EE1-D65A0B678014}"
EndProject
Project("{2150E333-8FDC-42A3-9474-1A3956D46DE8}") = "Domain", "Domain", "{FA6942DA-9581-4E57-AF4C-553A14998CB3}"
EndProject
Project("{2150E333-8FDC-42A3-9474-1A3956D46DE8}") = "Adapters", "Adapters", "{45B05F72-D399-4506-A797-CA84D2E4D4AF}"
EndProject
Project("{2150E333-8FDC-42A3-9474-1A3956D46DE8}") = "Consumers", "Consumers", "{8215D4A3-471C-44FA-9B1A-67F7CD5A8E6F}"
EndProject
Project("{2150E333-8FDC-42A3-9474-1A3956D46DE8}") = "Tests", "Tests", "{A2EB439C-E09D-4D18-8C33-DACF177AF4F7}"
EndProject
Project("{2150E333-8FDC-42A3-9474-1A3956D46DE8}") = "Domain", "Domain", "{B80C090B-C014-4A53-B9F2-85EDDBB4BE29}"
EndProject
Project("{2150E333-8FDC-42A3-9474-1A3956D46DE8}") = "Application", "Application", "{894CEA79-CA23-4BD9-928C-4722004B0063}"
EndProject
Project("{2150E333-8FDC-42A3-9474-1A3956D46DE8}") = "Adapters", "Adapters", "{DF2FD6EF-98CA-4305-9F69-AD71DDEDA8FA}"
EndProject
Project("{FAE04EC0-301F-11D3-BF4B-00C04F79EFBC}") = "DomainTests", "DomainTests\DomainTests.csproj", "{D0C1DF4C-7CCD-4BE6-93C6-BB8239D79652}"
EndProject
Project("{FAE04EC0-301F-11D3-BF4B-00C04F79EFBC}") = "ApplicationTests", "ApplicationTests\ApplicationTests.csproj", "{3B14983B-0FCE-4577-9969-E2FC7AB149C9}"
EndProject
Project("{FAE04EC0-301F-11D3-BF4B-00C04F79EFBC}") = "AdaptersTests", "AdaptersTests\AdaptersTests.csproj", "{3731138F-CE59-4B0F-BDB6-1C99DBBD0D32}"
EndProject
Project("{FAE04EC0-301F-11D3-BF4B-00C04F79EFBC}") = "AdaptersSQL", "BookingService\Adapters\AdaptersSQL\AdaptersSQL.csproj", "{A6C870A5-F966-439D-AB91-0C77ACD8E37A}"
EndProject
Project("{FAE04EC0-301F-11D3-BF4B-00C04F79EFBC}") = "API", "BookingService\Consumers\API\API\API.csproj", "{2092D0F4-F724-4350-B2CC-C407A9F7DB64}"
EndProject
Global
	GlobalSection(SolutionConfigurationPlatforms) = preSolution
		Debug|Any CPU = Debug|Any CPU
		Release|Any CPU = Release|Any CPU
	EndGlobalSection
	GlobalSection(ProjectConfigurationPlatforms) = postSolution
		{D0C1DF4C-7CCD-4BE6-93C6-BB8239D79652}.Debug|Any CPU.ActiveCfg = Debug|Any CPU
		{D0C1DF4C-7CCD-4BE6-93C6-BB8239D79652}.Debug|Any CPU.Build.0 = Debug|Any CPU
		{D0C1DF4C-7CCD-4BE6-93C6-BB8239D79652}.Release|Any CPU.ActiveCfg = Release|Any CPU
		{D0C1DF4C-7CCD-4BE6-93C6-BB8239D79652}.Release|Any CPU.Build.0 = Release|Any CPU
		{3B14983B-0FCE-4577-9969-E2FC7AB149C9}.Debug|Any CPU.ActiveCfg = Debug|Any CPU
		{3B14983B-0FCE-4577-9969-E2FC7AB149C9}.Debug|Any CPU.Build.0 = Debug|Any CPU
		{3B14983B-0FCE-4577-9969-E2FC7AB149C9}.Release|Any CPU.ActiveCfg = Release|Any CPU
		{3B14983B-0FCE-4577-9969-E2FC7AB149C9}.Release|Any CPU.Build.0 = Release|Any CPU
		{3731138F-CE59-4B0F-BDB6-1C99DBBD0D32}.Debug|Any CPU.ActiveCfg = Debug|Any CPU
		{3731138F-CE59-4B0F-BDB6-1C99DBBD0D32}.Debug|Any CPU.Build.0 = Debug|Any CPU
		{3731138F-CE59-4B0F-BDB6-1C99DBBD0D32}.Release|Any CPU.ActiveCfg = Release|Any CPU
		{3731138F-CE59-4B0F-BDB6-1C99DBBD0D32}.Release|Any CPU.Build.0 = Release|Any CPU
		{A6C870A5-F966-439D-AB91-0C77ACD8E37A}.Debug|Any CPU.ActiveCfg = Debug|Any CPU
		{A6C870A5-F966-439D-AB91-0C77ACD8E37A}.Debug|Any CPU.Build.0 = Debug|Any CPU
		{A6C870A5-F966-439D-AB91-0C77ACD8E37A}.Release|Any CPU.ActiveCfg = Release|Any CPU
		{A6C870A5-F966-439D-AB91-0C77ACD8E37A}.Release|Any CPU.Build.0 = Release|Any CPU
		{2092D0F4-F724-4350-B2CC-C407A9F7DB64}.Debug|Any CPU.ActiveCfg = Debug|Any CPU
		{2092D0F4-F724-4350-B2CC-C407A9F7DB64}.Debug|Any CPU.Build.0 = Debug|Any CPU
		{2092D0F4-F724-4350-B2CC-C407A9F7DB64}.Release|Any CPU.ActiveCfg = Release|Any CPU
		{2092D0F4-F724-4350-B2CC-C407A9F7DB64}.Release|Any CPU.Build.0 = Release|Any CPU
	EndGlobalSection
	GlobalSection(SolutionProperties) = preSolution
		HideSolutionNode = FALSE
	EndGlobalSection
	GlobalSection(NestedProjects) = preSolution
		{E8D13A9F-F87D-4206-A563-36434FF2FA7E} = {DF4E1296-2EFA-44F0-BC32-1B1AAB08F2AE}
		{A54589EC-426B-4E25-9EE1-D65A0B678014} = {E8D13A9F-F87D-4206-A563-36434FF2FA7E}
		{FA6942DA-9581-4E57-AF4C-553A14998CB3} = {E8D13A9F-F87D-4206-A563-36434FF2FA7E}
		{45B05F72-D399-4506-A797-CA84D2E4D4AF} = {DF4E1296-2EFA-44F0-BC32-1B1AAB08F2AE}
		{8215D4A3-471C-44FA-9B1A-67F7CD5A8E6F} = {DF4E1296-2EFA-44F0-BC32-1B1AAB08F2AE}
		{A2EB439C-E09D-4D18-8C33-DACF177AF4F7} = {DF4E1296-2EFA-44F0-BC32-1B1AAB08F2AE}
		{B80C090B-C014-4A53-B9F2-85EDDBB4BE29} = {A2EB439C-E09D-4D18-8C33-DACF177AF4F7}
		{894CEA79-CA23-4BD9-928C-4722004B0063} = {A2EB439C-E09D-4D18-8C33-DACF177AF4F7}
		{DF2FD6EF-98CA-4305-9F69-AD71DDEDA8FA} = {A2EB439C-E09D-4D18-8C33-DACF177AF4F7}
		{D0C1DF4C-7CCD-4BE6-93C6-BB8239D79652} = {B80C090B-C014-4A53-B9F2-85EDDBB4BE29}
		{3B14983B-0FCE-4577-9969-E2FC7AB149C9} = {894CEA79-CA23-4BD9-928C-4722004B0063}
		{3731138F-CE59-4B0F-BDB6-1C99DBBD0D32} = {DF2FD6EF-98CA-4305-9F69-AD71DDEDA8FA}
		{A6C870A5-F966-439D-AB91-0C77ACD8E37A} = {45B05F72-D399-4506-A797-CA84D2E4D4AF}
		{2092D0F4-F724-4350-B2CC-C407A9F7DB64} = {8215D4A3-471C-44FA-9B1A-67F7CD5A8E6F}
	EndGlobalSection
	GlobalSection(ExtensibilityGlobals) = postSolution
		SolutionGuid = {0C98636D-644E-4437-8A61-857ADC2A1C32}
	EndGlobalSection
EndGlobal
