
Microsoft Visual Studio Solution File, Format Version 12.00
# Visual Studio Version 17
VisualStudioVersion = 17.3.32929.385
MinimumVisualStudioVersion = 10.0.40219.1
Project("{2150E333-8FDC-42A3-9474-1A3956D46DE8}") = "BookingService", "BookingService", "{DF4E1296-2EFA-44F0-BC32-1B1AAB08F2AE}"
EndProject
Project("{2150E333-8FDC-42A3-9474-1A3956D46DE8}") = "PaymentService", "PaymentService", "{394AF65C-58DA-4B83-9D3A-D55DE1EC6E1E}"
EndProject
Project("{2150E333-8FDC-42A3-9474-1A3956D46DE8}") = "Core", "Core", "{E8D13A9F-F87D-4206-A563-36434FF2FA7E}"
EndProject
Project("{2150E333-8FDC-42A3-9474-1A3956D46DE8}") = "Adapters", "Adapters", "{45B05F72-D399-4506-A797-CA84D2E4D4AF}"
EndProject
Project("{2150E333-8FDC-42A3-9474-1A3956D46DE8}") = "Consumers", "Consumers", "{8215D4A3-471C-44FA-9B1A-67F7CD5A8E6F}"
EndProject
Project("{2150E333-8FDC-42A3-9474-1A3956D46DE8}") = "Tests", "Tests", "{A2EB439C-E09D-4D18-8C33-DACF177AF4F7}"
EndProject
Project("{9A19103F-16F7-4668-BE54-9A1E7A4F7556}") = "AdaptersSQL", "BookingService\Adapters\AdaptersSQL\AdaptersSQL.csproj", "{A6C870A5-F966-439D-AB91-0C77ACD8E37A}"
EndProject
Project("{FAE04EC0-301F-11D3-BF4B-00C04F79EFBC}") = "API", "BookingService\Consumers\API\API.csproj", "{16DB5B1E-0C1F-4EBF-B8B0-AADD41149335}"
EndProject
Project("{FAE04EC0-301F-11D3-BF4B-00C04F79EFBC}") = "Domain", "BookingService\Core\Domain\Domain.csproj", "{68712D41-F8B6-4998-8F8C-ED24FF33B3D2}"
EndProject
Project("{FAE04EC0-301F-11D3-BF4B-00C04F79EFBC}") = "Application", "BookingService\Core\Application\Application.csproj", "{4FCB33D9-913B-4FD3-81BF-82E7261D2DD5}"
EndProject
Project("{FAE04EC0-301F-11D3-BF4B-00C04F79EFBC}") = "AdapterTests", "BookingService\Tests\AdapterTests\AdapterTests.csproj", "{BF7FD679-96C5-498F-A406-0FB2E5CFEB4C}"
EndProject
Project("{FAE04EC0-301F-11D3-BF4B-00C04F79EFBC}") = "ApplicationTests", "BookingService\Tests\ApplicationTests\ApplicationTests.csproj", "{70A019FB-9E4A-4BC5-8912-E6DDD49BE92C}"
EndProject
Project("{FAE04EC0-301F-11D3-BF4B-00C04F79EFBC}") = "DomainTests", "BookingService\Tests\DomainTests\DomainTests.csproj", "{E663E86E-0AB4-4A86-AA66-C4463BFB448D}"
EndProject
Global
	GlobalSection(SolutionConfigurationPlatforms) = preSolution
		Debug|Any CPU = Debug|Any CPU
		Release|Any CPU = Release|Any CPU
	EndGlobalSection
	GlobalSection(ProjectConfigurationPlatforms) = postSolution
		{A6C870A5-F966-439D-AB91-0C77ACD8E37A}.Debug|Any CPU.ActiveCfg = Debug|Any CPU
		{A6C870A5-F966-439D-AB91-0C77ACD8E37A}.Debug|Any CPU.Build.0 = Debug|Any CPU
		{A6C870A5-F966-439D-AB91-0C77ACD8E37A}.Release|Any CPU.ActiveCfg = Release|Any CPU
		{A6C870A5-F966-439D-AB91-0C77ACD8E37A}.Release|Any CPU.Build.0 = Release|Any CPU
		{16DB5B1E-0C1F-4EBF-B8B0-AADD41149335}.Debug|Any CPU.ActiveCfg = Debug|Any CPU
		{16DB5B1E-0C1F-4EBF-B8B0-AADD41149335}.Debug|Any CPU.Build.0 = Debug|Any CPU
		{16DB5B1E-0C1F-4EBF-B8B0-AADD41149335}.Release|Any CPU.ActiveCfg = Release|Any CPU
		{16DB5B1E-0C1F-4EBF-B8B0-AADD41149335}.Release|Any CPU.Build.0 = Release|Any CPU
		{68712D41-F8B6-4998-8F8C-ED24FF33B3D2}.Debug|Any CPU.ActiveCfg = Debug|Any CPU
		{68712D41-F8B6-4998-8F8C-ED24FF33B3D2}.Debug|Any CPU.Build.0 = Debug|Any CPU
		{68712D41-F8B6-4998-8F8C-ED24FF33B3D2}.Release|Any CPU.ActiveCfg = Release|Any CPU
		{68712D41-F8B6-4998-8F8C-ED24FF33B3D2}.Release|Any CPU.Build.0 = Release|Any CPU
		{4FCB33D9-913B-4FD3-81BF-82E7261D2DD5}.Debug|Any CPU.ActiveCfg = Debug|Any CPU
		{4FCB33D9-913B-4FD3-81BF-82E7261D2DD5}.Debug|Any CPU.Build.0 = Debug|Any CPU
		{4FCB33D9-913B-4FD3-81BF-82E7261D2DD5}.Release|Any CPU.ActiveCfg = Release|Any CPU
		{4FCB33D9-913B-4FD3-81BF-82E7261D2DD5}.Release|Any CPU.Build.0 = Release|Any CPU
		{BF7FD679-96C5-498F-A406-0FB2E5CFEB4C}.Debug|Any CPU.ActiveCfg = Debug|Any CPU
		{BF7FD679-96C5-498F-A406-0FB2E5CFEB4C}.Debug|Any CPU.Build.0 = Debug|Any CPU
		{BF7FD679-96C5-498F-A406-0FB2E5CFEB4C}.Release|Any CPU.ActiveCfg = Release|Any CPU
		{BF7FD679-96C5-498F-A406-0FB2E5CFEB4C}.Release|Any CPU.Build.0 = Release|Any CPU
		{70A019FB-9E4A-4BC5-8912-E6DDD49BE92C}.Debug|Any CPU.ActiveCfg = Debug|Any CPU
		{70A019FB-9E4A-4BC5-8912-E6DDD49BE92C}.Debug|Any CPU.Build.0 = Debug|Any CPU
		{70A019FB-9E4A-4BC5-8912-E6DDD49BE92C}.Release|Any CPU.ActiveCfg = Release|Any CPU
		{70A019FB-9E4A-4BC5-8912-E6DDD49BE92C}.Release|Any CPU.Build.0 = Release|Any CPU
		{E663E86E-0AB4-4A86-AA66-C4463BFB448D}.Debug|Any CPU.ActiveCfg = Debug|Any CPU
		{E663E86E-0AB4-4A86-AA66-C4463BFB448D}.Debug|Any CPU.Build.0 = Debug|Any CPU
		{E663E86E-0AB4-4A86-AA66-C4463BFB448D}.Release|Any CPU.ActiveCfg = Release|Any CPU
		{E663E86E-0AB4-4A86-AA66-C4463BFB448D}.Release|Any CPU.Build.0 = Release|Any CPU
	EndGlobalSection
	GlobalSection(SolutionProperties) = preSolution
		HideSolutionNode = FALSE
	EndGlobalSection
	GlobalSection(NestedProjects) = preSolution
		{E8D13A9F-F87D-4206-A563-36434FF2FA7E} = {DF4E1296-2EFA-44F0-BC32-1B1AAB08F2AE}
		{45B05F72-D399-4506-A797-CA84D2E4D4AF} = {DF4E1296-2EFA-44F0-BC32-1B1AAB08F2AE}
		{8215D4A3-471C-44FA-9B1A-67F7CD5A8E6F} = {DF4E1296-2EFA-44F0-BC32-1B1AAB08F2AE}
		{A2EB439C-E09D-4D18-8C33-DACF177AF4F7} = {DF4E1296-2EFA-44F0-BC32-1B1AAB08F2AE}
		{A6C870A5-F966-439D-AB91-0C77ACD8E37A} = {45B05F72-D399-4506-A797-CA84D2E4D4AF}
		{16DB5B1E-0C1F-4EBF-B8B0-AADD41149335} = {8215D4A3-471C-44FA-9B1A-67F7CD5A8E6F}
		{68712D41-F8B6-4998-8F8C-ED24FF33B3D2} = {E8D13A9F-F87D-4206-A563-36434FF2FA7E}
		{4FCB33D9-913B-4FD3-81BF-82E7261D2DD5} = {E8D13A9F-F87D-4206-A563-36434FF2FA7E}
		{BF7FD679-96C5-498F-A406-0FB2E5CFEB4C} = {A2EB439C-E09D-4D18-8C33-DACF177AF4F7}
		{70A019FB-9E4A-4BC5-8912-E6DDD49BE92C} = {A2EB439C-E09D-4D18-8C33-DACF177AF4F7}
		{E663E86E-0AB4-4A86-AA66-C4463BFB448D} = {A2EB439C-E09D-4D18-8C33-DACF177AF4F7}
	EndGlobalSection
	GlobalSection(ExtensibilityGlobals) = postSolution
		SolutionGuid = {0C98636D-644E-4437-8A61-857ADC2A1C32}
	EndGlobalSection
EndGlobal
